
Microsoft Visual Studio Solution File, Format Version 12.00
# Visual Studio Version 16
VisualStudioVersion = 16.0.30626.31
MinimumVisualStudioVersion = 10.0.40219.1
Project("{9A19103F-16F7-4668-BE54-9A1E7A4F7556}") = "Win10.UI.FaceOff.Blazor.WASM", "Win10.UI.FaceOff.Blazor.WASM\Win10.UI.FaceOff.Blazor.WASM.csproj", "{ADE0F170-7D36-4E75-B2C7-BCCC775A42BA}"
EndProject
Project("{2150E333-8FDC-42A3-9474-1A3956D46DE8}") = "Uno", "Uno", "{14B1C6F5-FABE-4265-B8D1-E33D03440521}"
EndProject
Project("{2150E333-8FDC-42A3-9474-1A3956D46DE8}") = "Blazor", "Blazor", "{12F62652-CBFE-46D1-9C85-5174F389E742}"
EndProject
Project("{D954291E-2A0B-460D-934E-DC6B0785DB48}") = "Win10.UI.FaceOff.Uno.Shared", "Win10.UI.FaceOff.Uno\Win10.UI.FaceOff.Uno.Shared\Win10.UI.FaceOff.Uno.Shared.shproj", "{6279C845-92F8-4333-AB99-3D213163593C}"
EndProject
Project("{FAE04EC0-301F-11D3-BF4B-00C04F79EFBC}") = "Win10.UI.FaceOff.Uno.Droid", "Win10.UI.FaceOff.Uno\Win10.UI.FaceOff.Uno.Droid\Win10.UI.FaceOff.Uno.Droid.csproj", "{B569975F-B440-4457-9D2A-0E97D6D7B8F8}"
EndProject
Project("{FAE04EC0-301F-11D3-BF4B-00C04F79EFBC}") = "Win10.UI.FaceOff.Uno.iOS", "Win10.UI.FaceOff.Uno\Win10.UI.FaceOff.Uno.iOS\Win10.UI.FaceOff.Uno.iOS.csproj", "{093A3A95-BA19-467C-9396-F4173BA9F2B0}"
EndProject
Project("{FAE04EC0-301F-11D3-BF4B-00C04F79EFBC}") = "Win10.UI.FaceOff.Uno.UWP", "Win10.UI.FaceOff.Uno\Win10.UI.FaceOff.Uno.UWP\Win10.UI.FaceOff.Uno.UWP.csproj", "{78154C60-2E7A-4CC8-9512-99A85F71EE23}"
EndProject
Project("{9A19103F-16F7-4668-BE54-9A1E7A4F7556}") = "Win10.UI.FaceOff.Uno.Wasm", "Win10.UI.FaceOff.Uno\Win10.UI.FaceOff.Uno.Wasm\Win10.UI.FaceOff.Uno.Wasm.csproj", "{D8D5E5BF-D7F6-4554-97A5-3D883127FAAC}"
EndProject
Project("{FAE04EC0-301F-11D3-BF4B-00C04F79EFBC}") = "Win10.UI.FaceOff.Uno.macOS", "Win10.UI.FaceOff.Uno\Win10.UI.FaceOff.Uno.macOS\Win10.UI.FaceOff.Uno.macOS.csproj", "{3CCBF2D1-21B1-4982-95B7-81419A229D44}"
EndProject
Project("{9A19103F-16F7-4668-BE54-9A1E7A4F7556}") = "Win10.UI.FaceOff.Uno.Skia.Wpf.Host", "Win10.UI.FaceOff.Uno\Win10.UI.FaceOff.Uno.Skia.Wpf.Host\Win10.UI.FaceOff.Uno.Skia.Wpf.Host.csproj", "{10EDEA25-620D-428A-A26B-4B1C3B9B390D}"
EndProject
Project("{9A19103F-16F7-4668-BE54-9A1E7A4F7556}") = "Win10.UI.FaceOff.Uno.Skia.Wpf", "Win10.UI.FaceOff.Uno\Win10.UI.FaceOff.Uno.Skia.Wpf\Win10.UI.FaceOff.Uno.Skia.Wpf.csproj", "{213CEB84-C7DD-4C3A-9E80-006F8FA25D47}"
EndProject
Project("{9A19103F-16F7-4668-BE54-9A1E7A4F7556}") = "Win10.UI.FaceOff.Uno.Skia.Gtk", "Win10.UI.FaceOff.Uno\Win10.UI.FaceOff.Uno.Skia.Gtk\Win10.UI.FaceOff.Uno.Skia.Gtk.csproj", "{96818C57-6AA7-49C3-8CC6-C51A79AB5381}"
EndProject
Project("{2150E333-8FDC-42A3-9474-1A3956D46DE8}") = "AvalonUI", "AvalonUI", "{7C12ECA9-E49A-46EE-9C4A-A1004E1575BF}"
EndProject
Global
	GlobalSection(SharedMSBuildProjectFiles) = preSolution
		Win10.UI.FaceOff.Uno\Win10.UI.FaceOff.Uno.Shared\Win10.UI.FaceOff.Uno.Shared.projitems*{093a3a95-ba19-467c-9396-f4173ba9f2b0}*SharedItemsImports = 4
		Win10.UI.FaceOff.Uno\Win10.UI.FaceOff.Uno.Shared\Win10.UI.FaceOff.Uno.Shared.projitems*{3ccbf2d1-21b1-4982-95b7-81419a229d44}*SharedItemsImports = 4
		Win10.UI.FaceOff.Uno\Win10.UI.FaceOff.Uno.Shared\Win10.UI.FaceOff.Uno.Shared.projitems*{6279c845-92f8-4333-ab99-3d213163593c}*SharedItemsImports = 13
		Win10.UI.FaceOff.Uno\Win10.UI.FaceOff.Uno.Shared\Win10.UI.FaceOff.Uno.Shared.projitems*{78154c60-2e7a-4cc8-9512-99a85f71ee23}*SharedItemsImports = 4
		Win10.UI.FaceOff.Uno\Win10.UI.FaceOff.Uno.Shared\Win10.UI.FaceOff.Uno.Shared.projitems*{96818c57-6aa7-49c3-8cc6-c51a79ab5381}*SharedItemsImports = 5
		Win10.UI.FaceOff.Uno\Win10.UI.FaceOff.Uno.Shared\Win10.UI.FaceOff.Uno.Shared.projitems*{b569975f-b440-4457-9d2a-0e97d6d7b8f8}*SharedItemsImports = 4
		Win10.UI.FaceOff.Uno\Win10.UI.FaceOff.Uno.Shared\Win10.UI.FaceOff.Uno.Shared.projitems*{d8d5e5bf-d7f6-4554-97a5-3d883127faac}*SharedItemsImports = 5
	EndGlobalSection
	GlobalSection(SolutionConfigurationPlatforms) = preSolution
		Ad-Hoc|Any CPU = Ad-Hoc|Any CPU
		Ad-Hoc|ARM = Ad-Hoc|ARM
		Ad-Hoc|ARM64 = Ad-Hoc|ARM64
		Ad-Hoc|iPhone = Ad-Hoc|iPhone
		Ad-Hoc|iPhoneSimulator = Ad-Hoc|iPhoneSimulator
		Ad-Hoc|x64 = Ad-Hoc|x64
		Ad-Hoc|x86 = Ad-Hoc|x86
		AppStore|Any CPU = AppStore|Any CPU
		AppStore|ARM = AppStore|ARM
		AppStore|ARM64 = AppStore|ARM64
		AppStore|iPhone = AppStore|iPhone
		AppStore|iPhoneSimulator = AppStore|iPhoneSimulator
		AppStore|x64 = AppStore|x64
		AppStore|x86 = AppStore|x86
		Debug|Any CPU = Debug|Any CPU
		Debug|ARM = Debug|ARM
		Debug|ARM64 = Debug|ARM64
		Debug|iPhone = Debug|iPhone
		Debug|iPhoneSimulator = Debug|iPhoneSimulator
		Debug|x64 = Debug|x64
		Debug|x86 = Debug|x86
		Release|Any CPU = Release|Any CPU
		Release|ARM = Release|ARM
		Release|ARM64 = Release|ARM64
		Release|iPhone = Release|iPhone
		Release|iPhoneSimulator = Release|iPhoneSimulator
		Release|x64 = Release|x64
		Release|x86 = Release|x86
	EndGlobalSection
	GlobalSection(ProjectConfigurationPlatforms) = postSolution
		{ADE0F170-7D36-4E75-B2C7-BCCC775A42BA}.Ad-Hoc|Any CPU.ActiveCfg = Debug|Any CPU
		{ADE0F170-7D36-4E75-B2C7-BCCC775A42BA}.Ad-Hoc|Any CPU.Build.0 = Debug|Any CPU
		{ADE0F170-7D36-4E75-B2C7-BCCC775A42BA}.Ad-Hoc|ARM.ActiveCfg = Debug|Any CPU
		{ADE0F170-7D36-4E75-B2C7-BCCC775A42BA}.Ad-Hoc|ARM.Build.0 = Debug|Any CPU
		{ADE0F170-7D36-4E75-B2C7-BCCC775A42BA}.Ad-Hoc|ARM64.ActiveCfg = Debug|Any CPU
		{ADE0F170-7D36-4E75-B2C7-BCCC775A42BA}.Ad-Hoc|ARM64.Build.0 = Debug|Any CPU
		{ADE0F170-7D36-4E75-B2C7-BCCC775A42BA}.Ad-Hoc|iPhone.ActiveCfg = Debug|Any CPU
		{ADE0F170-7D36-4E75-B2C7-BCCC775A42BA}.Ad-Hoc|iPhone.Build.0 = Debug|Any CPU
		{ADE0F170-7D36-4E75-B2C7-BCCC775A42BA}.Ad-Hoc|iPhoneSimulator.ActiveCfg = Debug|Any CPU
		{ADE0F170-7D36-4E75-B2C7-BCCC775A42BA}.Ad-Hoc|iPhoneSimulator.Build.0 = Debug|Any CPU
		{ADE0F170-7D36-4E75-B2C7-BCCC775A42BA}.Ad-Hoc|x64.ActiveCfg = Debug|Any CPU
		{ADE0F170-7D36-4E75-B2C7-BCCC775A42BA}.Ad-Hoc|x64.Build.0 = Debug|Any CPU
		{ADE0F170-7D36-4E75-B2C7-BCCC775A42BA}.Ad-Hoc|x86.ActiveCfg = Debug|Any CPU
		{ADE0F170-7D36-4E75-B2C7-BCCC775A42BA}.Ad-Hoc|x86.Build.0 = Debug|Any CPU
		{ADE0F170-7D36-4E75-B2C7-BCCC775A42BA}.AppStore|Any CPU.ActiveCfg = Debug|Any CPU
		{ADE0F170-7D36-4E75-B2C7-BCCC775A42BA}.AppStore|Any CPU.Build.0 = Debug|Any CPU
		{ADE0F170-7D36-4E75-B2C7-BCCC775A42BA}.AppStore|ARM.ActiveCfg = Debug|Any CPU
		{ADE0F170-7D36-4E75-B2C7-BCCC775A42BA}.AppStore|ARM.Build.0 = Debug|Any CPU
		{ADE0F170-7D36-4E75-B2C7-BCCC775A42BA}.AppStore|ARM64.ActiveCfg = Debug|Any CPU
		{ADE0F170-7D36-4E75-B2C7-BCCC775A42BA}.AppStore|ARM64.Build.0 = Debug|Any CPU
		{ADE0F170-7D36-4E75-B2C7-BCCC775A42BA}.AppStore|iPhone.ActiveCfg = Debug|Any CPU
		{ADE0F170-7D36-4E75-B2C7-BCCC775A42BA}.AppStore|iPhone.Build.0 = Debug|Any CPU
		{ADE0F170-7D36-4E75-B2C7-BCCC775A42BA}.AppStore|iPhoneSimulator.ActiveCfg = Debug|Any CPU
		{ADE0F170-7D36-4E75-B2C7-BCCC775A42BA}.AppStore|iPhoneSimulator.Build.0 = Debug|Any CPU
		{ADE0F170-7D36-4E75-B2C7-BCCC775A42BA}.AppStore|x64.ActiveCfg = Debug|Any CPU
		{ADE0F170-7D36-4E75-B2C7-BCCC775A42BA}.AppStore|x64.Build.0 = Debug|Any CPU
		{ADE0F170-7D36-4E75-B2C7-BCCC775A42BA}.AppStore|x86.ActiveCfg = Debug|Any CPU
		{ADE0F170-7D36-4E75-B2C7-BCCC775A42BA}.AppStore|x86.Build.0 = Debug|Any CPU
		{ADE0F170-7D36-4E75-B2C7-BCCC775A42BA}.Debug|Any CPU.ActiveCfg = Debug|Any CPU
		{ADE0F170-7D36-4E75-B2C7-BCCC775A42BA}.Debug|Any CPU.Build.0 = Debug|Any CPU
		{ADE0F170-7D36-4E75-B2C7-BCCC775A42BA}.Debug|ARM.ActiveCfg = Debug|Any CPU
		{ADE0F170-7D36-4E75-B2C7-BCCC775A42BA}.Debug|ARM.Build.0 = Debug|Any CPU
		{ADE0F170-7D36-4E75-B2C7-BCCC775A42BA}.Debug|ARM64.ActiveCfg = Debug|Any CPU
		{ADE0F170-7D36-4E75-B2C7-BCCC775A42BA}.Debug|ARM64.Build.0 = Debug|Any CPU
		{ADE0F170-7D36-4E75-B2C7-BCCC775A42BA}.Debug|iPhone.ActiveCfg = Debug|Any CPU
		{ADE0F170-7D36-4E75-B2C7-BCCC775A42BA}.Debug|iPhone.Build.0 = Debug|Any CPU
		{ADE0F170-7D36-4E75-B2C7-BCCC775A42BA}.Debug|iPhoneSimulator.ActiveCfg = Debug|Any CPU
		{ADE0F170-7D36-4E75-B2C7-BCCC775A42BA}.Debug|iPhoneSimulator.Build.0 = Debug|Any CPU
		{ADE0F170-7D36-4E75-B2C7-BCCC775A42BA}.Debug|x64.ActiveCfg = Debug|Any CPU
		{ADE0F170-7D36-4E75-B2C7-BCCC775A42BA}.Debug|x64.Build.0 = Debug|Any CPU
		{ADE0F170-7D36-4E75-B2C7-BCCC775A42BA}.Debug|x86.ActiveCfg = Debug|Any CPU
		{ADE0F170-7D36-4E75-B2C7-BCCC775A42BA}.Debug|x86.Build.0 = Debug|Any CPU
		{ADE0F170-7D36-4E75-B2C7-BCCC775A42BA}.Release|Any CPU.ActiveCfg = Release|Any CPU
		{ADE0F170-7D36-4E75-B2C7-BCCC775A42BA}.Release|Any CPU.Build.0 = Release|Any CPU
		{ADE0F170-7D36-4E75-B2C7-BCCC775A42BA}.Release|ARM.ActiveCfg = Release|Any CPU
		{ADE0F170-7D36-4E75-B2C7-BCCC775A42BA}.Release|ARM.Build.0 = Release|Any CPU
		{ADE0F170-7D36-4E75-B2C7-BCCC775A42BA}.Release|ARM64.ActiveCfg = Release|Any CPU
		{ADE0F170-7D36-4E75-B2C7-BCCC775A42BA}.Release|ARM64.Build.0 = Release|Any CPU
		{ADE0F170-7D36-4E75-B2C7-BCCC775A42BA}.Release|iPhone.ActiveCfg = Release|Any CPU
		{ADE0F170-7D36-4E75-B2C7-BCCC775A42BA}.Release|iPhone.Build.0 = Release|Any CPU
		{ADE0F170-7D36-4E75-B2C7-BCCC775A42BA}.Release|iPhoneSimulator.ActiveCfg = Release|Any CPU
		{ADE0F170-7D36-4E75-B2C7-BCCC775A42BA}.Release|iPhoneSimulator.Build.0 = Release|Any CPU
		{ADE0F170-7D36-4E75-B2C7-BCCC775A42BA}.Release|x64.ActiveCfg = Release|Any CPU
		{ADE0F170-7D36-4E75-B2C7-BCCC775A42BA}.Release|x64.Build.0 = Release|Any CPU
		{ADE0F170-7D36-4E75-B2C7-BCCC775A42BA}.Release|x86.ActiveCfg = Release|Any CPU
		{ADE0F170-7D36-4E75-B2C7-BCCC775A42BA}.Release|x86.Build.0 = Release|Any CPU
		{B569975F-B440-4457-9D2A-0E97D6D7B8F8}.Ad-Hoc|Any CPU.ActiveCfg = Debug|Any CPU
		{B569975F-B440-4457-9D2A-0E97D6D7B8F8}.Ad-Hoc|Any CPU.Build.0 = Debug|Any CPU
		{B569975F-B440-4457-9D2A-0E97D6D7B8F8}.Ad-Hoc|Any CPU.Deploy.0 = Debug|Any CPU
		{B569975F-B440-4457-9D2A-0E97D6D7B8F8}.Ad-Hoc|ARM.ActiveCfg = Debug|Any CPU
		{B569975F-B440-4457-9D2A-0E97D6D7B8F8}.Ad-Hoc|ARM.Build.0 = Debug|Any CPU
		{B569975F-B440-4457-9D2A-0E97D6D7B8F8}.Ad-Hoc|ARM.Deploy.0 = Debug|Any CPU
		{B569975F-B440-4457-9D2A-0E97D6D7B8F8}.Ad-Hoc|ARM64.ActiveCfg = Debug|Any CPU
		{B569975F-B440-4457-9D2A-0E97D6D7B8F8}.Ad-Hoc|ARM64.Build.0 = Debug|Any CPU
		{B569975F-B440-4457-9D2A-0E97D6D7B8F8}.Ad-Hoc|ARM64.Deploy.0 = Debug|Any CPU
		{B569975F-B440-4457-9D2A-0E97D6D7B8F8}.Ad-Hoc|iPhone.ActiveCfg = Debug|Any CPU
		{B569975F-B440-4457-9D2A-0E97D6D7B8F8}.Ad-Hoc|iPhone.Build.0 = Debug|Any CPU
		{B569975F-B440-4457-9D2A-0E97D6D7B8F8}.Ad-Hoc|iPhone.Deploy.0 = Debug|Any CPU
		{B569975F-B440-4457-9D2A-0E97D6D7B8F8}.Ad-Hoc|iPhoneSimulator.ActiveCfg = Debug|Any CPU
		{B569975F-B440-4457-9D2A-0E97D6D7B8F8}.Ad-Hoc|iPhoneSimulator.Build.0 = Debug|Any CPU
		{B569975F-B440-4457-9D2A-0E97D6D7B8F8}.Ad-Hoc|iPhoneSimulator.Deploy.0 = Debug|Any CPU
		{B569975F-B440-4457-9D2A-0E97D6D7B8F8}.Ad-Hoc|x64.ActiveCfg = Debug|Any CPU
		{B569975F-B440-4457-9D2A-0E97D6D7B8F8}.Ad-Hoc|x64.Build.0 = Debug|Any CPU
		{B569975F-B440-4457-9D2A-0E97D6D7B8F8}.Ad-Hoc|x64.Deploy.0 = Debug|Any CPU
		{B569975F-B440-4457-9D2A-0E97D6D7B8F8}.Ad-Hoc|x86.ActiveCfg = Debug|Any CPU
		{B569975F-B440-4457-9D2A-0E97D6D7B8F8}.Ad-Hoc|x86.Build.0 = Debug|Any CPU
		{B569975F-B440-4457-9D2A-0E97D6D7B8F8}.Ad-Hoc|x86.Deploy.0 = Debug|Any CPU
		{B569975F-B440-4457-9D2A-0E97D6D7B8F8}.AppStore|Any CPU.ActiveCfg = Debug|Any CPU
		{B569975F-B440-4457-9D2A-0E97D6D7B8F8}.AppStore|Any CPU.Build.0 = Debug|Any CPU
		{B569975F-B440-4457-9D2A-0E97D6D7B8F8}.AppStore|Any CPU.Deploy.0 = Debug|Any CPU
		{B569975F-B440-4457-9D2A-0E97D6D7B8F8}.AppStore|ARM.ActiveCfg = Debug|Any CPU
		{B569975F-B440-4457-9D2A-0E97D6D7B8F8}.AppStore|ARM.Build.0 = Debug|Any CPU
		{B569975F-B440-4457-9D2A-0E97D6D7B8F8}.AppStore|ARM.Deploy.0 = Debug|Any CPU
		{B569975F-B440-4457-9D2A-0E97D6D7B8F8}.AppStore|ARM64.ActiveCfg = Debug|Any CPU
		{B569975F-B440-4457-9D2A-0E97D6D7B8F8}.AppStore|ARM64.Build.0 = Debug|Any CPU
		{B569975F-B440-4457-9D2A-0E97D6D7B8F8}.AppStore|ARM64.Deploy.0 = Debug|Any CPU
		{B569975F-B440-4457-9D2A-0E97D6D7B8F8}.AppStore|iPhone.ActiveCfg = Debug|Any CPU
		{B569975F-B440-4457-9D2A-0E97D6D7B8F8}.AppStore|iPhone.Build.0 = Debug|Any CPU
		{B569975F-B440-4457-9D2A-0E97D6D7B8F8}.AppStore|iPhone.Deploy.0 = Debug|Any CPU
		{B569975F-B440-4457-9D2A-0E97D6D7B8F8}.AppStore|iPhoneSimulator.ActiveCfg = Debug|Any CPU
		{B569975F-B440-4457-9D2A-0E97D6D7B8F8}.AppStore|iPhoneSimulator.Build.0 = Debug|Any CPU
		{B569975F-B440-4457-9D2A-0E97D6D7B8F8}.AppStore|iPhoneSimulator.Deploy.0 = Debug|Any CPU
		{B569975F-B440-4457-9D2A-0E97D6D7B8F8}.AppStore|x64.ActiveCfg = Debug|Any CPU
		{B569975F-B440-4457-9D2A-0E97D6D7B8F8}.AppStore|x64.Build.0 = Debug|Any CPU
		{B569975F-B440-4457-9D2A-0E97D6D7B8F8}.AppStore|x64.Deploy.0 = Debug|Any CPU
		{B569975F-B440-4457-9D2A-0E97D6D7B8F8}.AppStore|x86.ActiveCfg = Debug|Any CPU
		{B569975F-B440-4457-9D2A-0E97D6D7B8F8}.AppStore|x86.Build.0 = Debug|Any CPU
		{B569975F-B440-4457-9D2A-0E97D6D7B8F8}.AppStore|x86.Deploy.0 = Debug|Any CPU
		{B569975F-B440-4457-9D2A-0E97D6D7B8F8}.Debug|Any CPU.ActiveCfg = Debug|Any CPU
		{B569975F-B440-4457-9D2A-0E97D6D7B8F8}.Debug|Any CPU.Build.0 = Debug|Any CPU
		{B569975F-B440-4457-9D2A-0E97D6D7B8F8}.Debug|Any CPU.Deploy.0 = Debug|Any CPU
		{B569975F-B440-4457-9D2A-0E97D6D7B8F8}.Debug|ARM.ActiveCfg = Debug|Any CPU
		{B569975F-B440-4457-9D2A-0E97D6D7B8F8}.Debug|ARM.Build.0 = Debug|Any CPU
		{B569975F-B440-4457-9D2A-0E97D6D7B8F8}.Debug|ARM.Deploy.0 = Debug|Any CPU
		{B569975F-B440-4457-9D2A-0E97D6D7B8F8}.Debug|ARM64.ActiveCfg = Debug|Any CPU
		{B569975F-B440-4457-9D2A-0E97D6D7B8F8}.Debug|ARM64.Build.0 = Debug|Any CPU
		{B569975F-B440-4457-9D2A-0E97D6D7B8F8}.Debug|ARM64.Deploy.0 = Debug|Any CPU
		{B569975F-B440-4457-9D2A-0E97D6D7B8F8}.Debug|iPhone.ActiveCfg = Debug|Any CPU
		{B569975F-B440-4457-9D2A-0E97D6D7B8F8}.Debug|iPhone.Build.0 = Debug|Any CPU
		{B569975F-B440-4457-9D2A-0E97D6D7B8F8}.Debug|iPhone.Deploy.0 = Debug|Any CPU
		{B569975F-B440-4457-9D2A-0E97D6D7B8F8}.Debug|iPhoneSimulator.ActiveCfg = Debug|Any CPU
		{B569975F-B440-4457-9D2A-0E97D6D7B8F8}.Debug|iPhoneSimulator.Build.0 = Debug|Any CPU
		{B569975F-B440-4457-9D2A-0E97D6D7B8F8}.Debug|iPhoneSimulator.Deploy.0 = Debug|Any CPU
		{B569975F-B440-4457-9D2A-0E97D6D7B8F8}.Debug|x64.ActiveCfg = Debug|Any CPU
		{B569975F-B440-4457-9D2A-0E97D6D7B8F8}.Debug|x64.Build.0 = Debug|Any CPU
		{B569975F-B440-4457-9D2A-0E97D6D7B8F8}.Debug|x64.Deploy.0 = Debug|Any CPU
		{B569975F-B440-4457-9D2A-0E97D6D7B8F8}.Debug|x86.ActiveCfg = Debug|Any CPU
		{B569975F-B440-4457-9D2A-0E97D6D7B8F8}.Debug|x86.Build.0 = Debug|Any CPU
		{B569975F-B440-4457-9D2A-0E97D6D7B8F8}.Debug|x86.Deploy.0 = Debug|Any CPU
		{B569975F-B440-4457-9D2A-0E97D6D7B8F8}.Release|Any CPU.ActiveCfg = Release|Any CPU
		{B569975F-B440-4457-9D2A-0E97D6D7B8F8}.Release|Any CPU.Build.0 = Release|Any CPU
		{B569975F-B440-4457-9D2A-0E97D6D7B8F8}.Release|Any CPU.Deploy.0 = Release|Any CPU
		{B569975F-B440-4457-9D2A-0E97D6D7B8F8}.Release|ARM.ActiveCfg = Release|Any CPU
		{B569975F-B440-4457-9D2A-0E97D6D7B8F8}.Release|ARM.Build.0 = Release|Any CPU
		{B569975F-B440-4457-9D2A-0E97D6D7B8F8}.Release|ARM.Deploy.0 = Release|Any CPU
		{B569975F-B440-4457-9D2A-0E97D6D7B8F8}.Release|ARM64.ActiveCfg = Release|Any CPU
		{B569975F-B440-4457-9D2A-0E97D6D7B8F8}.Release|ARM64.Build.0 = Release|Any CPU
		{B569975F-B440-4457-9D2A-0E97D6D7B8F8}.Release|ARM64.Deploy.0 = Release|Any CPU
		{B569975F-B440-4457-9D2A-0E97D6D7B8F8}.Release|iPhone.ActiveCfg = Release|Any CPU
		{B569975F-B440-4457-9D2A-0E97D6D7B8F8}.Release|iPhone.Build.0 = Release|Any CPU
		{B569975F-B440-4457-9D2A-0E97D6D7B8F8}.Release|iPhone.Deploy.0 = Release|Any CPU
		{B569975F-B440-4457-9D2A-0E97D6D7B8F8}.Release|iPhoneSimulator.ActiveCfg = Release|Any CPU
		{B569975F-B440-4457-9D2A-0E97D6D7B8F8}.Release|iPhoneSimulator.Build.0 = Release|Any CPU
		{B569975F-B440-4457-9D2A-0E97D6D7B8F8}.Release|iPhoneSimulator.Deploy.0 = Release|Any CPU
		{B569975F-B440-4457-9D2A-0E97D6D7B8F8}.Release|x64.ActiveCfg = Release|Any CPU
		{B569975F-B440-4457-9D2A-0E97D6D7B8F8}.Release|x64.Build.0 = Release|Any CPU
		{B569975F-B440-4457-9D2A-0E97D6D7B8F8}.Release|x64.Deploy.0 = Release|Any CPU
		{B569975F-B440-4457-9D2A-0E97D6D7B8F8}.Release|x86.ActiveCfg = Release|Any CPU
		{B569975F-B440-4457-9D2A-0E97D6D7B8F8}.Release|x86.Build.0 = Release|Any CPU
		{B569975F-B440-4457-9D2A-0E97D6D7B8F8}.Release|x86.Deploy.0 = Release|Any CPU
		{093A3A95-BA19-467C-9396-F4173BA9F2B0}.Ad-Hoc|Any CPU.ActiveCfg = Ad-Hoc|iPhoneSimulator
		{093A3A95-BA19-467C-9396-F4173BA9F2B0}.Ad-Hoc|ARM.ActiveCfg = Ad-Hoc|iPhoneSimulator
		{093A3A95-BA19-467C-9396-F4173BA9F2B0}.Ad-Hoc|ARM64.ActiveCfg = Ad-Hoc|iPhoneSimulator
		{093A3A95-BA19-467C-9396-F4173BA9F2B0}.Ad-Hoc|iPhone.ActiveCfg = Ad-Hoc|iPhone
		{093A3A95-BA19-467C-9396-F4173BA9F2B0}.Ad-Hoc|iPhone.Build.0 = Ad-Hoc|iPhone
		{093A3A95-BA19-467C-9396-F4173BA9F2B0}.Ad-Hoc|iPhoneSimulator.ActiveCfg = Ad-Hoc|iPhoneSimulator
		{093A3A95-BA19-467C-9396-F4173BA9F2B0}.Ad-Hoc|iPhoneSimulator.Build.0 = Ad-Hoc|iPhoneSimulator
		{093A3A95-BA19-467C-9396-F4173BA9F2B0}.Ad-Hoc|x64.ActiveCfg = Ad-Hoc|iPhoneSimulator
		{093A3A95-BA19-467C-9396-F4173BA9F2B0}.Ad-Hoc|x86.ActiveCfg = Ad-Hoc|iPhoneSimulator
		{093A3A95-BA19-467C-9396-F4173BA9F2B0}.AppStore|Any CPU.ActiveCfg = AppStore|iPhoneSimulator
		{093A3A95-BA19-467C-9396-F4173BA9F2B0}.AppStore|ARM.ActiveCfg = AppStore|iPhoneSimulator
		{093A3A95-BA19-467C-9396-F4173BA9F2B0}.AppStore|ARM64.ActiveCfg = AppStore|iPhoneSimulator
		{093A3A95-BA19-467C-9396-F4173BA9F2B0}.AppStore|iPhone.ActiveCfg = AppStore|iPhone
		{093A3A95-BA19-467C-9396-F4173BA9F2B0}.AppStore|iPhone.Build.0 = AppStore|iPhone
		{093A3A95-BA19-467C-9396-F4173BA9F2B0}.AppStore|iPhoneSimulator.ActiveCfg = AppStore|iPhoneSimulator
		{093A3A95-BA19-467C-9396-F4173BA9F2B0}.AppStore|iPhoneSimulator.Build.0 = AppStore|iPhoneSimulator
		{093A3A95-BA19-467C-9396-F4173BA9F2B0}.AppStore|x64.ActiveCfg = AppStore|iPhoneSimulator
		{093A3A95-BA19-467C-9396-F4173BA9F2B0}.AppStore|x86.ActiveCfg = AppStore|iPhoneSimulator
		{093A3A95-BA19-467C-9396-F4173BA9F2B0}.Debug|Any CPU.ActiveCfg = Debug|iPhoneSimulator
		{093A3A95-BA19-467C-9396-F4173BA9F2B0}.Debug|ARM.ActiveCfg = Debug|iPhoneSimulator
		{093A3A95-BA19-467C-9396-F4173BA9F2B0}.Debug|ARM64.ActiveCfg = Debug|iPhoneSimulator
		{093A3A95-BA19-467C-9396-F4173BA9F2B0}.Debug|iPhone.ActiveCfg = Debug|iPhone
		{093A3A95-BA19-467C-9396-F4173BA9F2B0}.Debug|iPhone.Build.0 = Debug|iPhone
		{093A3A95-BA19-467C-9396-F4173BA9F2B0}.Debug|iPhoneSimulator.ActiveCfg = Debug|iPhoneSimulator
		{093A3A95-BA19-467C-9396-F4173BA9F2B0}.Debug|iPhoneSimulator.Build.0 = Debug|iPhoneSimulator
		{093A3A95-BA19-467C-9396-F4173BA9F2B0}.Debug|x64.ActiveCfg = Debug|iPhoneSimulator
		{093A3A95-BA19-467C-9396-F4173BA9F2B0}.Debug|x86.ActiveCfg = Debug|iPhoneSimulator
		{093A3A95-BA19-467C-9396-F4173BA9F2B0}.Release|Any CPU.ActiveCfg = Release|iPhoneSimulator
		{093A3A95-BA19-467C-9396-F4173BA9F2B0}.Release|ARM.ActiveCfg = Release|iPhoneSimulator
		{093A3A95-BA19-467C-9396-F4173BA9F2B0}.Release|ARM64.ActiveCfg = Release|iPhoneSimulator
		{093A3A95-BA19-467C-9396-F4173BA9F2B0}.Release|iPhone.ActiveCfg = Release|iPhone
		{093A3A95-BA19-467C-9396-F4173BA9F2B0}.Release|iPhone.Build.0 = Release|iPhone
		{093A3A95-BA19-467C-9396-F4173BA9F2B0}.Release|iPhoneSimulator.ActiveCfg = Release|iPhoneSimulator
		{093A3A95-BA19-467C-9396-F4173BA9F2B0}.Release|iPhoneSimulator.Build.0 = Release|iPhoneSimulator
		{093A3A95-BA19-467C-9396-F4173BA9F2B0}.Release|x64.ActiveCfg = Release|iPhoneSimulator
		{093A3A95-BA19-467C-9396-F4173BA9F2B0}.Release|x86.ActiveCfg = Release|iPhoneSimulator
		{78154C60-2E7A-4CC8-9512-99A85F71EE23}.Ad-Hoc|Any CPU.ActiveCfg = Debug|x86
		{78154C60-2E7A-4CC8-9512-99A85F71EE23}.Ad-Hoc|Any CPU.Build.0 = Debug|x86
		{78154C60-2E7A-4CC8-9512-99A85F71EE23}.Ad-Hoc|Any CPU.Deploy.0 = Debug|x86
		{78154C60-2E7A-4CC8-9512-99A85F71EE23}.Ad-Hoc|ARM.ActiveCfg = Debug|ARM
		{78154C60-2E7A-4CC8-9512-99A85F71EE23}.Ad-Hoc|ARM.Build.0 = Debug|ARM
		{78154C60-2E7A-4CC8-9512-99A85F71EE23}.Ad-Hoc|ARM.Deploy.0 = Debug|ARM
		{78154C60-2E7A-4CC8-9512-99A85F71EE23}.Ad-Hoc|ARM64.ActiveCfg = Debug|ARM64
		{78154C60-2E7A-4CC8-9512-99A85F71EE23}.Ad-Hoc|ARM64.Build.0 = Debug|ARM64
		{78154C60-2E7A-4CC8-9512-99A85F71EE23}.Ad-Hoc|ARM64.Deploy.0 = Debug|ARM64
		{78154C60-2E7A-4CC8-9512-99A85F71EE23}.Ad-Hoc|iPhone.ActiveCfg = Debug|x86
		{78154C60-2E7A-4CC8-9512-99A85F71EE23}.Ad-Hoc|iPhone.Build.0 = Debug|x86
		{78154C60-2E7A-4CC8-9512-99A85F71EE23}.Ad-Hoc|iPhone.Deploy.0 = Debug|x86
		{78154C60-2E7A-4CC8-9512-99A85F71EE23}.Ad-Hoc|iPhoneSimulator.ActiveCfg = Debug|x86
		{78154C60-2E7A-4CC8-9512-99A85F71EE23}.Ad-Hoc|iPhoneSimulator.Build.0 = Debug|x86
		{78154C60-2E7A-4CC8-9512-99A85F71EE23}.Ad-Hoc|iPhoneSimulator.Deploy.0 = Debug|x86
		{78154C60-2E7A-4CC8-9512-99A85F71EE23}.Ad-Hoc|x64.ActiveCfg = Debug|x64
		{78154C60-2E7A-4CC8-9512-99A85F71EE23}.Ad-Hoc|x64.Build.0 = Debug|x64
		{78154C60-2E7A-4CC8-9512-99A85F71EE23}.Ad-Hoc|x64.Deploy.0 = Debug|x64
		{78154C60-2E7A-4CC8-9512-99A85F71EE23}.Ad-Hoc|x86.ActiveCfg = Debug|x86
		{78154C60-2E7A-4CC8-9512-99A85F71EE23}.Ad-Hoc|x86.Build.0 = Debug|x86
		{78154C60-2E7A-4CC8-9512-99A85F71EE23}.Ad-Hoc|x86.Deploy.0 = Debug|x86
		{78154C60-2E7A-4CC8-9512-99A85F71EE23}.AppStore|Any CPU.ActiveCfg = Debug|x86
		{78154C60-2E7A-4CC8-9512-99A85F71EE23}.AppStore|Any CPU.Build.0 = Debug|x86
		{78154C60-2E7A-4CC8-9512-99A85F71EE23}.AppStore|Any CPU.Deploy.0 = Debug|x86
		{78154C60-2E7A-4CC8-9512-99A85F71EE23}.AppStore|ARM.ActiveCfg = Debug|ARM
		{78154C60-2E7A-4CC8-9512-99A85F71EE23}.AppStore|ARM.Build.0 = Debug|ARM
		{78154C60-2E7A-4CC8-9512-99A85F71EE23}.AppStore|ARM.Deploy.0 = Debug|ARM
		{78154C60-2E7A-4CC8-9512-99A85F71EE23}.AppStore|ARM64.ActiveCfg = Debug|ARM64
		{78154C60-2E7A-4CC8-9512-99A85F71EE23}.AppStore|ARM64.Build.0 = Debug|ARM64
		{78154C60-2E7A-4CC8-9512-99A85F71EE23}.AppStore|ARM64.Deploy.0 = Debug|ARM64
		{78154C60-2E7A-4CC8-9512-99A85F71EE23}.AppStore|iPhone.ActiveCfg = Debug|x86
		{78154C60-2E7A-4CC8-9512-99A85F71EE23}.AppStore|iPhone.Build.0 = Debug|x86
		{78154C60-2E7A-4CC8-9512-99A85F71EE23}.AppStore|iPhone.Deploy.0 = Debug|x86
		{78154C60-2E7A-4CC8-9512-99A85F71EE23}.AppStore|iPhoneSimulator.ActiveCfg = Debug|x86
		{78154C60-2E7A-4CC8-9512-99A85F71EE23}.AppStore|iPhoneSimulator.Build.0 = Debug|x86
		{78154C60-2E7A-4CC8-9512-99A85F71EE23}.AppStore|iPhoneSimulator.Deploy.0 = Debug|x86
		{78154C60-2E7A-4CC8-9512-99A85F71EE23}.AppStore|x64.ActiveCfg = Debug|x64
		{78154C60-2E7A-4CC8-9512-99A85F71EE23}.AppStore|x64.Build.0 = Debug|x64
		{78154C60-2E7A-4CC8-9512-99A85F71EE23}.AppStore|x64.Deploy.0 = Debug|x64
		{78154C60-2E7A-4CC8-9512-99A85F71EE23}.AppStore|x86.ActiveCfg = Debug|x86
		{78154C60-2E7A-4CC8-9512-99A85F71EE23}.AppStore|x86.Build.0 = Debug|x86
		{78154C60-2E7A-4CC8-9512-99A85F71EE23}.AppStore|x86.Deploy.0 = Debug|x86
		{78154C60-2E7A-4CC8-9512-99A85F71EE23}.Debug|Any CPU.ActiveCfg = Debug|x86
		{78154C60-2E7A-4CC8-9512-99A85F71EE23}.Debug|ARM.ActiveCfg = Debug|ARM
		{78154C60-2E7A-4CC8-9512-99A85F71EE23}.Debug|ARM.Build.0 = Debug|ARM
		{78154C60-2E7A-4CC8-9512-99A85F71EE23}.Debug|ARM.Deploy.0 = Debug|ARM
		{78154C60-2E7A-4CC8-9512-99A85F71EE23}.Debug|ARM64.ActiveCfg = Debug|ARM64
		{78154C60-2E7A-4CC8-9512-99A85F71EE23}.Debug|ARM64.Build.0 = Debug|ARM64
		{78154C60-2E7A-4CC8-9512-99A85F71EE23}.Debug|ARM64.Deploy.0 = Debug|ARM64
		{78154C60-2E7A-4CC8-9512-99A85F71EE23}.Debug|iPhone.ActiveCfg = Debug|x86
		{78154C60-2E7A-4CC8-9512-99A85F71EE23}.Debug|iPhoneSimulator.ActiveCfg = Debug|x86
		{78154C60-2E7A-4CC8-9512-99A85F71EE23}.Debug|x64.ActiveCfg = Debug|x64
		{78154C60-2E7A-4CC8-9512-99A85F71EE23}.Debug|x64.Build.0 = Debug|x64
		{78154C60-2E7A-4CC8-9512-99A85F71EE23}.Debug|x64.Deploy.0 = Debug|x64
		{78154C60-2E7A-4CC8-9512-99A85F71EE23}.Debug|x86.ActiveCfg = Debug|x86
		{78154C60-2E7A-4CC8-9512-99A85F71EE23}.Debug|x86.Build.0 = Debug|x86
		{78154C60-2E7A-4CC8-9512-99A85F71EE23}.Debug|x86.Deploy.0 = Debug|x86
		{78154C60-2E7A-4CC8-9512-99A85F71EE23}.Release|Any CPU.ActiveCfg = Release|x86
		{78154C60-2E7A-4CC8-9512-99A85F71EE23}.Release|ARM.ActiveCfg = Release|ARM
		{78154C60-2E7A-4CC8-9512-99A85F71EE23}.Release|ARM.Build.0 = Release|ARM
		{78154C60-2E7A-4CC8-9512-99A85F71EE23}.Release|ARM.Deploy.0 = Release|ARM
		{78154C60-2E7A-4CC8-9512-99A85F71EE23}.Release|ARM64.ActiveCfg = Release|ARM64
		{78154C60-2E7A-4CC8-9512-99A85F71EE23}.Release|ARM64.Build.0 = Release|ARM64
		{78154C60-2E7A-4CC8-9512-99A85F71EE23}.Release|ARM64.Deploy.0 = Release|ARM64
		{78154C60-2E7A-4CC8-9512-99A85F71EE23}.Release|iPhone.ActiveCfg = Release|x86
		{78154C60-2E7A-4CC8-9512-99A85F71EE23}.Release|iPhoneSimulator.ActiveCfg = Release|x86
		{78154C60-2E7A-4CC8-9512-99A85F71EE23}.Release|x64.ActiveCfg = Release|x64
		{78154C60-2E7A-4CC8-9512-99A85F71EE23}.Release|x64.Build.0 = Release|x64
		{78154C60-2E7A-4CC8-9512-99A85F71EE23}.Release|x64.Deploy.0 = Release|x64
		{78154C60-2E7A-4CC8-9512-99A85F71EE23}.Release|x86.ActiveCfg = Release|x86
		{78154C60-2E7A-4CC8-9512-99A85F71EE23}.Release|x86.Build.0 = Release|x86
		{78154C60-2E7A-4CC8-9512-99A85F71EE23}.Release|x86.Deploy.0 = Release|x86
		{D8D5E5BF-D7F6-4554-97A5-3D883127FAAC}.Ad-Hoc|Any CPU.ActiveCfg = Debug|Any CPU
		{D8D5E5BF-D7F6-4554-97A5-3D883127FAAC}.Ad-Hoc|Any CPU.Build.0 = Debug|Any CPU
		{D8D5E5BF-D7F6-4554-97A5-3D883127FAAC}.Ad-Hoc|ARM.ActiveCfg = Debug|Any CPU
		{D8D5E5BF-D7F6-4554-97A5-3D883127FAAC}.Ad-Hoc|ARM.Build.0 = Debug|Any CPU
		{D8D5E5BF-D7F6-4554-97A5-3D883127FAAC}.Ad-Hoc|ARM64.ActiveCfg = Debug|Any CPU
		{D8D5E5BF-D7F6-4554-97A5-3D883127FAAC}.Ad-Hoc|ARM64.Build.0 = Debug|Any CPU
		{D8D5E5BF-D7F6-4554-97A5-3D883127FAAC}.Ad-Hoc|iPhone.ActiveCfg = Debug|Any CPU
		{D8D5E5BF-D7F6-4554-97A5-3D883127FAAC}.Ad-Hoc|iPhone.Build.0 = Debug|Any CPU
		{D8D5E5BF-D7F6-4554-97A5-3D883127FAAC}.Ad-Hoc|iPhoneSimulator.ActiveCfg = Debug|Any CPU
		{D8D5E5BF-D7F6-4554-97A5-3D883127FAAC}.Ad-Hoc|iPhoneSimulator.Build.0 = Debug|Any CPU
		{D8D5E5BF-D7F6-4554-97A5-3D883127FAAC}.Ad-Hoc|x64.ActiveCfg = Debug|Any CPU
		{D8D5E5BF-D7F6-4554-97A5-3D883127FAAC}.Ad-Hoc|x64.Build.0 = Debug|Any CPU
		{D8D5E5BF-D7F6-4554-97A5-3D883127FAAC}.Ad-Hoc|x86.ActiveCfg = Debug|Any CPU
		{D8D5E5BF-D7F6-4554-97A5-3D883127FAAC}.Ad-Hoc|x86.Build.0 = Debug|Any CPU
		{D8D5E5BF-D7F6-4554-97A5-3D883127FAAC}.AppStore|Any CPU.ActiveCfg = Debug|Any CPU
		{D8D5E5BF-D7F6-4554-97A5-3D883127FAAC}.AppStore|Any CPU.Build.0 = Debug|Any CPU
		{D8D5E5BF-D7F6-4554-97A5-3D883127FAAC}.AppStore|ARM.ActiveCfg = Debug|Any CPU
		{D8D5E5BF-D7F6-4554-97A5-3D883127FAAC}.AppStore|ARM.Build.0 = Debug|Any CPU
		{D8D5E5BF-D7F6-4554-97A5-3D883127FAAC}.AppStore|ARM64.ActiveCfg = Debug|Any CPU
		{D8D5E5BF-D7F6-4554-97A5-3D883127FAAC}.AppStore|ARM64.Build.0 = Debug|Any CPU
		{D8D5E5BF-D7F6-4554-97A5-3D883127FAAC}.AppStore|iPhone.ActiveCfg = Debug|Any CPU
		{D8D5E5BF-D7F6-4554-97A5-3D883127FAAC}.AppStore|iPhone.Build.0 = Debug|Any CPU
		{D8D5E5BF-D7F6-4554-97A5-3D883127FAAC}.AppStore|iPhoneSimulator.ActiveCfg = Debug|Any CPU
		{D8D5E5BF-D7F6-4554-97A5-3D883127FAAC}.AppStore|iPhoneSimulator.Build.0 = Debug|Any CPU
		{D8D5E5BF-D7F6-4554-97A5-3D883127FAAC}.AppStore|x64.ActiveCfg = Debug|Any CPU
		{D8D5E5BF-D7F6-4554-97A5-3D883127FAAC}.AppStore|x64.Build.0 = Debug|Any CPU
		{D8D5E5BF-D7F6-4554-97A5-3D883127FAAC}.AppStore|x86.ActiveCfg = Debug|Any CPU
		{D8D5E5BF-D7F6-4554-97A5-3D883127FAAC}.AppStore|x86.Build.0 = Debug|Any CPU
		{D8D5E5BF-D7F6-4554-97A5-3D883127FAAC}.Debug|Any CPU.ActiveCfg = Debug|Any CPU
		{D8D5E5BF-D7F6-4554-97A5-3D883127FAAC}.Debug|Any CPU.Build.0 = Debug|Any CPU
		{D8D5E5BF-D7F6-4554-97A5-3D883127FAAC}.Debug|ARM.ActiveCfg = Debug|Any CPU
		{D8D5E5BF-D7F6-4554-97A5-3D883127FAAC}.Debug|ARM.Build.0 = Debug|Any CPU
		{D8D5E5BF-D7F6-4554-97A5-3D883127FAAC}.Debug|ARM64.ActiveCfg = Debug|Any CPU
		{D8D5E5BF-D7F6-4554-97A5-3D883127FAAC}.Debug|ARM64.Build.0 = Debug|Any CPU
		{D8D5E5BF-D7F6-4554-97A5-3D883127FAAC}.Debug|iPhone.ActiveCfg = Debug|Any CPU
		{D8D5E5BF-D7F6-4554-97A5-3D883127FAAC}.Debug|iPhone.Build.0 = Debug|Any CPU
		{D8D5E5BF-D7F6-4554-97A5-3D883127FAAC}.Debug|iPhoneSimulator.ActiveCfg = Debug|Any CPU
		{D8D5E5BF-D7F6-4554-97A5-3D883127FAAC}.Debug|iPhoneSimulator.Build.0 = Debug|Any CPU
		{D8D5E5BF-D7F6-4554-97A5-3D883127FAAC}.Debug|x64.ActiveCfg = Debug|Any CPU
		{D8D5E5BF-D7F6-4554-97A5-3D883127FAAC}.Debug|x64.Build.0 = Debug|Any CPU
		{D8D5E5BF-D7F6-4554-97A5-3D883127FAAC}.Debug|x86.ActiveCfg = Debug|Any CPU
		{D8D5E5BF-D7F6-4554-97A5-3D883127FAAC}.Debug|x86.Build.0 = Debug|Any CPU
		{D8D5E5BF-D7F6-4554-97A5-3D883127FAAC}.Release|Any CPU.ActiveCfg = Release|Any CPU
		{D8D5E5BF-D7F6-4554-97A5-3D883127FAAC}.Release|Any CPU.Build.0 = Release|Any CPU
		{D8D5E5BF-D7F6-4554-97A5-3D883127FAAC}.Release|ARM.ActiveCfg = Release|Any CPU
		{D8D5E5BF-D7F6-4554-97A5-3D883127FAAC}.Release|ARM.Build.0 = Release|Any CPU
		{D8D5E5BF-D7F6-4554-97A5-3D883127FAAC}.Release|ARM64.ActiveCfg = Release|Any CPU
		{D8D5E5BF-D7F6-4554-97A5-3D883127FAAC}.Release|ARM64.Build.0 = Release|Any CPU
		{D8D5E5BF-D7F6-4554-97A5-3D883127FAAC}.Release|iPhone.ActiveCfg = Release|Any CPU
		{D8D5E5BF-D7F6-4554-97A5-3D883127FAAC}.Release|iPhone.Build.0 = Release|Any CPU
		{D8D5E5BF-D7F6-4554-97A5-3D883127FAAC}.Release|iPhoneSimulator.ActiveCfg = Release|Any CPU
		{D8D5E5BF-D7F6-4554-97A5-3D883127FAAC}.Release|iPhoneSimulator.Build.0 = Release|Any CPU
		{D8D5E5BF-D7F6-4554-97A5-3D883127FAAC}.Release|x64.ActiveCfg = Release|Any CPU
		{D8D5E5BF-D7F6-4554-97A5-3D883127FAAC}.Release|x64.Build.0 = Release|Any CPU
		{D8D5E5BF-D7F6-4554-97A5-3D883127FAAC}.Release|x86.ActiveCfg = Release|Any CPU
		{D8D5E5BF-D7F6-4554-97A5-3D883127FAAC}.Release|x86.Build.0 = Release|Any CPU
		{3CCBF2D1-21B1-4982-95B7-81419A229D44}.Ad-Hoc|Any CPU.ActiveCfg = Debug|iPhoneSimulator
		{3CCBF2D1-21B1-4982-95B7-81419A229D44}.Ad-Hoc|Any CPU.Build.0 = Debug|iPhoneSimulator
		{3CCBF2D1-21B1-4982-95B7-81419A229D44}.Ad-Hoc|ARM.ActiveCfg = Debug|iPhoneSimulator
		{3CCBF2D1-21B1-4982-95B7-81419A229D44}.Ad-Hoc|ARM.Build.0 = Debug|iPhoneSimulator
		{3CCBF2D1-21B1-4982-95B7-81419A229D44}.Ad-Hoc|ARM64.ActiveCfg = Debug|iPhoneSimulator
		{3CCBF2D1-21B1-4982-95B7-81419A229D44}.Ad-Hoc|ARM64.Build.0 = Debug|iPhoneSimulator
		{3CCBF2D1-21B1-4982-95B7-81419A229D44}.Ad-Hoc|iPhone.ActiveCfg = Debug|iPhoneSimulator
		{3CCBF2D1-21B1-4982-95B7-81419A229D44}.Ad-Hoc|iPhone.Build.0 = Debug|iPhoneSimulator
		{3CCBF2D1-21B1-4982-95B7-81419A229D44}.Ad-Hoc|iPhoneSimulator.ActiveCfg = Debug|iPhoneSimulator
		{3CCBF2D1-21B1-4982-95B7-81419A229D44}.Ad-Hoc|iPhoneSimulator.Build.0 = Debug|iPhoneSimulator
		{3CCBF2D1-21B1-4982-95B7-81419A229D44}.Ad-Hoc|x64.ActiveCfg = Debug|iPhoneSimulator
		{3CCBF2D1-21B1-4982-95B7-81419A229D44}.Ad-Hoc|x64.Build.0 = Debug|iPhoneSimulator
		{3CCBF2D1-21B1-4982-95B7-81419A229D44}.Ad-Hoc|x86.ActiveCfg = Debug|iPhoneSimulator
		{3CCBF2D1-21B1-4982-95B7-81419A229D44}.Ad-Hoc|x86.Build.0 = Debug|iPhoneSimulator
		{3CCBF2D1-21B1-4982-95B7-81419A229D44}.AppStore|Any CPU.ActiveCfg = Debug|iPhoneSimulator
		{3CCBF2D1-21B1-4982-95B7-81419A229D44}.AppStore|Any CPU.Build.0 = Debug|iPhoneSimulator
		{3CCBF2D1-21B1-4982-95B7-81419A229D44}.AppStore|ARM.ActiveCfg = Debug|iPhoneSimulator
		{3CCBF2D1-21B1-4982-95B7-81419A229D44}.AppStore|ARM.Build.0 = Debug|iPhoneSimulator
		{3CCBF2D1-21B1-4982-95B7-81419A229D44}.AppStore|ARM64.ActiveCfg = Debug|iPhoneSimulator
		{3CCBF2D1-21B1-4982-95B7-81419A229D44}.AppStore|ARM64.Build.0 = Debug|iPhoneSimulator
		{3CCBF2D1-21B1-4982-95B7-81419A229D44}.AppStore|iPhone.ActiveCfg = Debug|iPhoneSimulator
		{3CCBF2D1-21B1-4982-95B7-81419A229D44}.AppStore|iPhone.Build.0 = Debug|iPhoneSimulator
		{3CCBF2D1-21B1-4982-95B7-81419A229D44}.AppStore|iPhoneSimulator.ActiveCfg = Debug|iPhoneSimulator
		{3CCBF2D1-21B1-4982-95B7-81419A229D44}.AppStore|iPhoneSimulator.Build.0 = Debug|iPhoneSimulator
		{3CCBF2D1-21B1-4982-95B7-81419A229D44}.AppStore|x64.ActiveCfg = Debug|iPhoneSimulator
		{3CCBF2D1-21B1-4982-95B7-81419A229D44}.AppStore|x64.Build.0 = Debug|iPhoneSimulator
		{3CCBF2D1-21B1-4982-95B7-81419A229D44}.AppStore|x86.ActiveCfg = Debug|iPhoneSimulator
		{3CCBF2D1-21B1-4982-95B7-81419A229D44}.AppStore|x86.Build.0 = Debug|iPhoneSimulator
		{3CCBF2D1-21B1-4982-95B7-81419A229D44}.Debug|Any CPU.ActiveCfg = Debug|iPhoneSimulator
		{3CCBF2D1-21B1-4982-95B7-81419A229D44}.Debug|ARM.ActiveCfg = Debug|iPhoneSimulator
		{3CCBF2D1-21B1-4982-95B7-81419A229D44}.Debug|ARM64.ActiveCfg = Debug|iPhoneSimulator
		{3CCBF2D1-21B1-4982-95B7-81419A229D44}.Debug|iPhone.ActiveCfg = Debug|iPhoneSimulator
		{3CCBF2D1-21B1-4982-95B7-81419A229D44}.Debug|iPhoneSimulator.ActiveCfg = Debug|iPhoneSimulator
		{3CCBF2D1-21B1-4982-95B7-81419A229D44}.Debug|iPhoneSimulator.Build.0 = Debug|iPhoneSimulator
		{3CCBF2D1-21B1-4982-95B7-81419A229D44}.Debug|x64.ActiveCfg = Debug|iPhoneSimulator
		{3CCBF2D1-21B1-4982-95B7-81419A229D44}.Debug|x86.ActiveCfg = Debug|iPhoneSimulator
		{3CCBF2D1-21B1-4982-95B7-81419A229D44}.Release|Any CPU.ActiveCfg = Release|iPhoneSimulator
		{3CCBF2D1-21B1-4982-95B7-81419A229D44}.Release|ARM.ActiveCfg = Release|iPhoneSimulator
		{3CCBF2D1-21B1-4982-95B7-81419A229D44}.Release|ARM64.ActiveCfg = Release|iPhoneSimulator
		{3CCBF2D1-21B1-4982-95B7-81419A229D44}.Release|iPhone.ActiveCfg = Release|iPhoneSimulator
		{3CCBF2D1-21B1-4982-95B7-81419A229D44}.Release|iPhoneSimulator.ActiveCfg = Release|iPhoneSimulator
		{3CCBF2D1-21B1-4982-95B7-81419A229D44}.Release|iPhoneSimulator.Build.0 = Release|iPhoneSimulator
		{3CCBF2D1-21B1-4982-95B7-81419A229D44}.Release|x64.ActiveCfg = Release|iPhoneSimulator
		{3CCBF2D1-21B1-4982-95B7-81419A229D44}.Release|x86.ActiveCfg = Release|iPhoneSimulator
		{10EDEA25-620D-428A-A26B-4B1C3B9B390D}.Ad-Hoc|Any CPU.ActiveCfg = Debug|Any CPU
		{10EDEA25-620D-428A-A26B-4B1C3B9B390D}.Ad-Hoc|Any CPU.Build.0 = Debug|Any CPU
		{10EDEA25-620D-428A-A26B-4B1C3B9B390D}.Ad-Hoc|ARM.ActiveCfg = Debug|Any CPU
		{10EDEA25-620D-428A-A26B-4B1C3B9B390D}.Ad-Hoc|ARM.Build.0 = Debug|Any CPU
		{10EDEA25-620D-428A-A26B-4B1C3B9B390D}.Ad-Hoc|ARM64.ActiveCfg = Debug|Any CPU
		{10EDEA25-620D-428A-A26B-4B1C3B9B390D}.Ad-Hoc|ARM64.Build.0 = Debug|Any CPU
		{10EDEA25-620D-428A-A26B-4B1C3B9B390D}.Ad-Hoc|iPhone.ActiveCfg = Debug|Any CPU
		{10EDEA25-620D-428A-A26B-4B1C3B9B390D}.Ad-Hoc|iPhone.Build.0 = Debug|Any CPU
		{10EDEA25-620D-428A-A26B-4B1C3B9B390D}.Ad-Hoc|iPhoneSimulator.ActiveCfg = Debug|Any CPU
		{10EDEA25-620D-428A-A26B-4B1C3B9B390D}.Ad-Hoc|iPhoneSimulator.Build.0 = Debug|Any CPU
		{10EDEA25-620D-428A-A26B-4B1C3B9B390D}.Ad-Hoc|x64.ActiveCfg = Debug|Any CPU
		{10EDEA25-620D-428A-A26B-4B1C3B9B390D}.Ad-Hoc|x64.Build.0 = Debug|Any CPU
		{10EDEA25-620D-428A-A26B-4B1C3B9B390D}.Ad-Hoc|x86.ActiveCfg = Debug|Any CPU
		{10EDEA25-620D-428A-A26B-4B1C3B9B390D}.Ad-Hoc|x86.Build.0 = Debug|Any CPU
		{10EDEA25-620D-428A-A26B-4B1C3B9B390D}.AppStore|Any CPU.ActiveCfg = Debug|Any CPU
		{10EDEA25-620D-428A-A26B-4B1C3B9B390D}.AppStore|Any CPU.Build.0 = Debug|Any CPU
		{10EDEA25-620D-428A-A26B-4B1C3B9B390D}.AppStore|ARM.ActiveCfg = Debug|Any CPU
		{10EDEA25-620D-428A-A26B-4B1C3B9B390D}.AppStore|ARM.Build.0 = Debug|Any CPU
		{10EDEA25-620D-428A-A26B-4B1C3B9B390D}.AppStore|ARM64.ActiveCfg = Debug|Any CPU
		{10EDEA25-620D-428A-A26B-4B1C3B9B390D}.AppStore|ARM64.Build.0 = Debug|Any CPU
		{10EDEA25-620D-428A-A26B-4B1C3B9B390D}.AppStore|iPhone.ActiveCfg = Debug|Any CPU
		{10EDEA25-620D-428A-A26B-4B1C3B9B390D}.AppStore|iPhone.Build.0 = Debug|Any CPU
		{10EDEA25-620D-428A-A26B-4B1C3B9B390D}.AppStore|iPhoneSimulator.ActiveCfg = Debug|Any CPU
		{10EDEA25-620D-428A-A26B-4B1C3B9B390D}.AppStore|iPhoneSimulator.Build.0 = Debug|Any CPU
		{10EDEA25-620D-428A-A26B-4B1C3B9B390D}.AppStore|x64.ActiveCfg = Debug|Any CPU
		{10EDEA25-620D-428A-A26B-4B1C3B9B390D}.AppStore|x64.Build.0 = Debug|Any CPU
		{10EDEA25-620D-428A-A26B-4B1C3B9B390D}.AppStore|x86.ActiveCfg = Debug|Any CPU
		{10EDEA25-620D-428A-A26B-4B1C3B9B390D}.AppStore|x86.Build.0 = Debug|Any CPU
		{10EDEA25-620D-428A-A26B-4B1C3B9B390D}.Debug|Any CPU.ActiveCfg = Debug|Any CPU
		{10EDEA25-620D-428A-A26B-4B1C3B9B390D}.Debug|Any CPU.Build.0 = Debug|Any CPU
		{10EDEA25-620D-428A-A26B-4B1C3B9B390D}.Debug|ARM.ActiveCfg = Debug|Any CPU
		{10EDEA25-620D-428A-A26B-4B1C3B9B390D}.Debug|ARM.Build.0 = Debug|Any CPU
		{10EDEA25-620D-428A-A26B-4B1C3B9B390D}.Debug|ARM64.ActiveCfg = Debug|Any CPU
		{10EDEA25-620D-428A-A26B-4B1C3B9B390D}.Debug|ARM64.Build.0 = Debug|Any CPU
		{10EDEA25-620D-428A-A26B-4B1C3B9B390D}.Debug|iPhone.ActiveCfg = Debug|Any CPU
		{10EDEA25-620D-428A-A26B-4B1C3B9B390D}.Debug|iPhone.Build.0 = Debug|Any CPU
		{10EDEA25-620D-428A-A26B-4B1C3B9B390D}.Debug|iPhoneSimulator.ActiveCfg = Debug|Any CPU
		{10EDEA25-620D-428A-A26B-4B1C3B9B390D}.Debug|iPhoneSimulator.Build.0 = Debug|Any CPU
		{10EDEA25-620D-428A-A26B-4B1C3B9B390D}.Debug|x64.ActiveCfg = Debug|Any CPU
		{10EDEA25-620D-428A-A26B-4B1C3B9B390D}.Debug|x64.Build.0 = Debug|Any CPU
		{10EDEA25-620D-428A-A26B-4B1C3B9B390D}.Debug|x86.ActiveCfg = Debug|Any CPU
		{10EDEA25-620D-428A-A26B-4B1C3B9B390D}.Debug|x86.Build.0 = Debug|Any CPU
		{10EDEA25-620D-428A-A26B-4B1C3B9B390D}.Release|Any CPU.ActiveCfg = Release|Any CPU
		{10EDEA25-620D-428A-A26B-4B1C3B9B390D}.Release|Any CPU.Build.0 = Release|Any CPU
		{10EDEA25-620D-428A-A26B-4B1C3B9B390D}.Release|ARM.ActiveCfg = Release|Any CPU
		{10EDEA25-620D-428A-A26B-4B1C3B9B390D}.Release|ARM.Build.0 = Release|Any CPU
		{10EDEA25-620D-428A-A26B-4B1C3B9B390D}.Release|ARM64.ActiveCfg = Release|Any CPU
		{10EDEA25-620D-428A-A26B-4B1C3B9B390D}.Release|ARM64.Build.0 = Release|Any CPU
		{10EDEA25-620D-428A-A26B-4B1C3B9B390D}.Release|iPhone.ActiveCfg = Release|Any CPU
		{10EDEA25-620D-428A-A26B-4B1C3B9B390D}.Release|iPhone.Build.0 = Release|Any CPU
		{10EDEA25-620D-428A-A26B-4B1C3B9B390D}.Release|iPhoneSimulator.ActiveCfg = Release|Any CPU
		{10EDEA25-620D-428A-A26B-4B1C3B9B390D}.Release|iPhoneSimulator.Build.0 = Release|Any CPU
		{10EDEA25-620D-428A-A26B-4B1C3B9B390D}.Release|x64.ActiveCfg = Release|Any CPU
		{10EDEA25-620D-428A-A26B-4B1C3B9B390D}.Release|x64.Build.0 = Release|Any CPU
		{10EDEA25-620D-428A-A26B-4B1C3B9B390D}.Release|x86.ActiveCfg = Release|Any CPU
		{10EDEA25-620D-428A-A26B-4B1C3B9B390D}.Release|x86.Build.0 = Release|Any CPU
		{213CEB84-C7DD-4C3A-9E80-006F8FA25D47}.Ad-Hoc|Any CPU.ActiveCfg = Debug|Any CPU
		{213CEB84-C7DD-4C3A-9E80-006F8FA25D47}.Ad-Hoc|Any CPU.Build.0 = Debug|Any CPU
		{213CEB84-C7DD-4C3A-9E80-006F8FA25D47}.Ad-Hoc|ARM.ActiveCfg = Debug|Any CPU
		{213CEB84-C7DD-4C3A-9E80-006F8FA25D47}.Ad-Hoc|ARM.Build.0 = Debug|Any CPU
		{213CEB84-C7DD-4C3A-9E80-006F8FA25D47}.Ad-Hoc|ARM64.ActiveCfg = Debug|Any CPU
		{213CEB84-C7DD-4C3A-9E80-006F8FA25D47}.Ad-Hoc|ARM64.Build.0 = Debug|Any CPU
		{213CEB84-C7DD-4C3A-9E80-006F8FA25D47}.Ad-Hoc|iPhone.ActiveCfg = Debug|Any CPU
		{213CEB84-C7DD-4C3A-9E80-006F8FA25D47}.Ad-Hoc|iPhone.Build.0 = Debug|Any CPU
		{213CEB84-C7DD-4C3A-9E80-006F8FA25D47}.Ad-Hoc|iPhoneSimulator.ActiveCfg = Debug|Any CPU
		{213CEB84-C7DD-4C3A-9E80-006F8FA25D47}.Ad-Hoc|iPhoneSimulator.Build.0 = Debug|Any CPU
		{213CEB84-C7DD-4C3A-9E80-006F8FA25D47}.Ad-Hoc|x64.ActiveCfg = Debug|Any CPU
		{213CEB84-C7DD-4C3A-9E80-006F8FA25D47}.Ad-Hoc|x64.Build.0 = Debug|Any CPU
		{213CEB84-C7DD-4C3A-9E80-006F8FA25D47}.Ad-Hoc|x86.ActiveCfg = Debug|Any CPU
		{213CEB84-C7DD-4C3A-9E80-006F8FA25D47}.Ad-Hoc|x86.Build.0 = Debug|Any CPU
		{213CEB84-C7DD-4C3A-9E80-006F8FA25D47}.AppStore|Any CPU.ActiveCfg = Debug|Any CPU
		{213CEB84-C7DD-4C3A-9E80-006F8FA25D47}.AppStore|Any CPU.Build.0 = Debug|Any CPU
		{213CEB84-C7DD-4C3A-9E80-006F8FA25D47}.AppStore|ARM.ActiveCfg = Debug|Any CPU
		{213CEB84-C7DD-4C3A-9E80-006F8FA25D47}.AppStore|ARM.Build.0 = Debug|Any CPU
		{213CEB84-C7DD-4C3A-9E80-006F8FA25D47}.AppStore|ARM64.ActiveCfg = Debug|Any CPU
		{213CEB84-C7DD-4C3A-9E80-006F8FA25D47}.AppStore|ARM64.Build.0 = Debug|Any CPU
		{213CEB84-C7DD-4C3A-9E80-006F8FA25D47}.AppStore|iPhone.ActiveCfg = Debug|Any CPU
		{213CEB84-C7DD-4C3A-9E80-006F8FA25D47}.AppStore|iPhone.Build.0 = Debug|Any CPU
		{213CEB84-C7DD-4C3A-9E80-006F8FA25D47}.AppStore|iPhoneSimulator.ActiveCfg = Debug|Any CPU
		{213CEB84-C7DD-4C3A-9E80-006F8FA25D47}.AppStore|iPhoneSimulator.Build.0 = Debug|Any CPU
		{213CEB84-C7DD-4C3A-9E80-006F8FA25D47}.AppStore|x64.ActiveCfg = Debug|Any CPU
		{213CEB84-C7DD-4C3A-9E80-006F8FA25D47}.AppStore|x64.Build.0 = Debug|Any CPU
		{213CEB84-C7DD-4C3A-9E80-006F8FA25D47}.AppStore|x86.ActiveCfg = Debug|Any CPU
		{213CEB84-C7DD-4C3A-9E80-006F8FA25D47}.AppStore|x86.Build.0 = Debug|Any CPU
		{213CEB84-C7DD-4C3A-9E80-006F8FA25D47}.Debug|Any CPU.ActiveCfg = Debug|Any CPU
		{213CEB84-C7DD-4C3A-9E80-006F8FA25D47}.Debug|Any CPU.Build.0 = Debug|Any CPU
		{213CEB84-C7DD-4C3A-9E80-006F8FA25D47}.Debug|ARM.ActiveCfg = Debug|Any CPU
		{213CEB84-C7DD-4C3A-9E80-006F8FA25D47}.Debug|ARM.Build.0 = Debug|Any CPU
		{213CEB84-C7DD-4C3A-9E80-006F8FA25D47}.Debug|ARM64.ActiveCfg = Debug|Any CPU
		{213CEB84-C7DD-4C3A-9E80-006F8FA25D47}.Debug|ARM64.Build.0 = Debug|Any CPU
		{213CEB84-C7DD-4C3A-9E80-006F8FA25D47}.Debug|iPhone.ActiveCfg = Debug|Any CPU
		{213CEB84-C7DD-4C3A-9E80-006F8FA25D47}.Debug|iPhone.Build.0 = Debug|Any CPU
		{213CEB84-C7DD-4C3A-9E80-006F8FA25D47}.Debug|iPhoneSimulator.ActiveCfg = Debug|Any CPU
		{213CEB84-C7DD-4C3A-9E80-006F8FA25D47}.Debug|iPhoneSimulator.Build.0 = Debug|Any CPU
		{213CEB84-C7DD-4C3A-9E80-006F8FA25D47}.Debug|x64.ActiveCfg = Debug|Any CPU
		{213CEB84-C7DD-4C3A-9E80-006F8FA25D47}.Debug|x64.Build.0 = Debug|Any CPU
		{213CEB84-C7DD-4C3A-9E80-006F8FA25D47}.Debug|x86.ActiveCfg = Debug|Any CPU
		{213CEB84-C7DD-4C3A-9E80-006F8FA25D47}.Debug|x86.Build.0 = Debug|Any CPU
		{213CEB84-C7DD-4C3A-9E80-006F8FA25D47}.Release|Any CPU.ActiveCfg = Release|Any CPU
		{213CEB84-C7DD-4C3A-9E80-006F8FA25D47}.Release|Any CPU.Build.0 = Release|Any CPU
		{213CEB84-C7DD-4C3A-9E80-006F8FA25D47}.Release|ARM.ActiveCfg = Release|Any CPU
		{213CEB84-C7DD-4C3A-9E80-006F8FA25D47}.Release|ARM.Build.0 = Release|Any CPU
		{213CEB84-C7DD-4C3A-9E80-006F8FA25D47}.Release|ARM64.ActiveCfg = Release|Any CPU
		{213CEB84-C7DD-4C3A-9E80-006F8FA25D47}.Release|ARM64.Build.0 = Release|Any CPU
		{213CEB84-C7DD-4C3A-9E80-006F8FA25D47}.Release|iPhone.ActiveCfg = Release|Any CPU
		{213CEB84-C7DD-4C3A-9E80-006F8FA25D47}.Release|iPhone.Build.0 = Release|Any CPU
		{213CEB84-C7DD-4C3A-9E80-006F8FA25D47}.Release|iPhoneSimulator.ActiveCfg = Release|Any CPU
		{213CEB84-C7DD-4C3A-9E80-006F8FA25D47}.Release|iPhoneSimulator.Build.0 = Release|Any CPU
		{213CEB84-C7DD-4C3A-9E80-006F8FA25D47}.Release|x64.ActiveCfg = Release|Any CPU
		{213CEB84-C7DD-4C3A-9E80-006F8FA25D47}.Release|x64.Build.0 = Release|Any CPU
		{213CEB84-C7DD-4C3A-9E80-006F8FA25D47}.Release|x86.ActiveCfg = Release|Any CPU
		{213CEB84-C7DD-4C3A-9E80-006F8FA25D47}.Release|x86.Build.0 = Release|Any CPU
		{96818C57-6AA7-49C3-8CC6-C51A79AB5381}.Ad-Hoc|Any CPU.ActiveCfg = Debug|Any CPU
		{96818C57-6AA7-49C3-8CC6-C51A79AB5381}.Ad-Hoc|Any CPU.Build.0 = Debug|Any CPU
		{96818C57-6AA7-49C3-8CC6-C51A79AB5381}.Ad-Hoc|ARM.ActiveCfg = Debug|Any CPU
		{96818C57-6AA7-49C3-8CC6-C51A79AB5381}.Ad-Hoc|ARM.Build.0 = Debug|Any CPU
		{96818C57-6AA7-49C3-8CC6-C51A79AB5381}.Ad-Hoc|ARM64.ActiveCfg = Debug|Any CPU
		{96818C57-6AA7-49C3-8CC6-C51A79AB5381}.Ad-Hoc|ARM64.Build.0 = Debug|Any CPU
		{96818C57-6AA7-49C3-8CC6-C51A79AB5381}.Ad-Hoc|iPhone.ActiveCfg = Debug|Any CPU
		{96818C57-6AA7-49C3-8CC6-C51A79AB5381}.Ad-Hoc|iPhone.Build.0 = Debug|Any CPU
		{96818C57-6AA7-49C3-8CC6-C51A79AB5381}.Ad-Hoc|iPhoneSimulator.ActiveCfg = Debug|Any CPU
		{96818C57-6AA7-49C3-8CC6-C51A79AB5381}.Ad-Hoc|iPhoneSimulator.Build.0 = Debug|Any CPU
		{96818C57-6AA7-49C3-8CC6-C51A79AB5381}.Ad-Hoc|x64.ActiveCfg = Debug|Any CPU
		{96818C57-6AA7-49C3-8CC6-C51A79AB5381}.Ad-Hoc|x64.Build.0 = Debug|Any CPU
		{96818C57-6AA7-49C3-8CC6-C51A79AB5381}.Ad-Hoc|x86.ActiveCfg = Debug|Any CPU
		{96818C57-6AA7-49C3-8CC6-C51A79AB5381}.Ad-Hoc|x86.Build.0 = Debug|Any CPU
		{96818C57-6AA7-49C3-8CC6-C51A79AB5381}.AppStore|Any CPU.ActiveCfg = Debug|Any CPU
		{96818C57-6AA7-49C3-8CC6-C51A79AB5381}.AppStore|Any CPU.Build.0 = Debug|Any CPU
		{96818C57-6AA7-49C3-8CC6-C51A79AB5381}.AppStore|ARM.ActiveCfg = Debug|Any CPU
		{96818C57-6AA7-49C3-8CC6-C51A79AB5381}.AppStore|ARM.Build.0 = Debug|Any CPU
		{96818C57-6AA7-49C3-8CC6-C51A79AB5381}.AppStore|ARM64.ActiveCfg = Debug|Any CPU
		{96818C57-6AA7-49C3-8CC6-C51A79AB5381}.AppStore|ARM64.Build.0 = Debug|Any CPU
		{96818C57-6AA7-49C3-8CC6-C51A79AB5381}.AppStore|iPhone.ActiveCfg = Debug|Any CPU
		{96818C57-6AA7-49C3-8CC6-C51A79AB5381}.AppStore|iPhone.Build.0 = Debug|Any CPU
		{96818C57-6AA7-49C3-8CC6-C51A79AB5381}.AppStore|iPhoneSimulator.ActiveCfg = Debug|Any CPU
		{96818C57-6AA7-49C3-8CC6-C51A79AB5381}.AppStore|iPhoneSimulator.Build.0 = Debug|Any CPU
		{96818C57-6AA7-49C3-8CC6-C51A79AB5381}.AppStore|x64.ActiveCfg = Debug|Any CPU
		{96818C57-6AA7-49C3-8CC6-C51A79AB5381}.AppStore|x64.Build.0 = Debug|Any CPU
		{96818C57-6AA7-49C3-8CC6-C51A79AB5381}.AppStore|x86.ActiveCfg = Debug|Any CPU
		{96818C57-6AA7-49C3-8CC6-C51A79AB5381}.AppStore|x86.Build.0 = Debug|Any CPU
		{96818C57-6AA7-49C3-8CC6-C51A79AB5381}.Debug|Any CPU.ActiveCfg = Debug|Any CPU
		{96818C57-6AA7-49C3-8CC6-C51A79AB5381}.Debug|Any CPU.Build.0 = Debug|Any CPU
		{96818C57-6AA7-49C3-8CC6-C51A79AB5381}.Debug|ARM.ActiveCfg = Debug|Any CPU
		{96818C57-6AA7-49C3-8CC6-C51A79AB5381}.Debug|ARM.Build.0 = Debug|Any CPU
		{96818C57-6AA7-49C3-8CC6-C51A79AB5381}.Debug|ARM64.ActiveCfg = Debug|Any CPU
		{96818C57-6AA7-49C3-8CC6-C51A79AB5381}.Debug|ARM64.Build.0 = Debug|Any CPU
		{96818C57-6AA7-49C3-8CC6-C51A79AB5381}.Debug|iPhone.ActiveCfg = Debug|Any CPU
		{96818C57-6AA7-49C3-8CC6-C51A79AB5381}.Debug|iPhone.Build.0 = Debug|Any CPU
		{96818C57-6AA7-49C3-8CC6-C51A79AB5381}.Debug|iPhoneSimulator.ActiveCfg = Debug|Any CPU
		{96818C57-6AA7-49C3-8CC6-C51A79AB5381}.Debug|iPhoneSimulator.Build.0 = Debug|Any CPU
		{96818C57-6AA7-49C3-8CC6-C51A79AB5381}.Debug|x64.ActiveCfg = Debug|Any CPU
		{96818C57-6AA7-49C3-8CC6-C51A79AB5381}.Debug|x64.Build.0 = Debug|Any CPU
		{96818C57-6AA7-49C3-8CC6-C51A79AB5381}.Debug|x86.ActiveCfg = Debug|Any CPU
		{96818C57-6AA7-49C3-8CC6-C51A79AB5381}.Debug|x86.Build.0 = Debug|Any CPU
		{96818C57-6AA7-49C3-8CC6-C51A79AB5381}.Release|Any CPU.ActiveCfg = Release|Any CPU
		{96818C57-6AA7-49C3-8CC6-C51A79AB5381}.Release|Any CPU.Build.0 = Release|Any CPU
		{96818C57-6AA7-49C3-8CC6-C51A79AB5381}.Release|ARM.ActiveCfg = Release|Any CPU
		{96818C57-6AA7-49C3-8CC6-C51A79AB5381}.Release|ARM.Build.0 = Release|Any CPU
		{96818C57-6AA7-49C3-8CC6-C51A79AB5381}.Release|ARM64.ActiveCfg = Release|Any CPU
		{96818C57-6AA7-49C3-8CC6-C51A79AB5381}.Release|ARM64.Build.0 = Release|Any CPU
		{96818C57-6AA7-49C3-8CC6-C51A79AB5381}.Release|iPhone.ActiveCfg = Release|Any CPU
		{96818C57-6AA7-49C3-8CC6-C51A79AB5381}.Release|iPhone.Build.0 = Release|Any CPU
		{96818C57-6AA7-49C3-8CC6-C51A79AB5381}.Release|iPhoneSimulator.ActiveCfg = Release|Any CPU
		{96818C57-6AA7-49C3-8CC6-C51A79AB5381}.Release|iPhoneSimulator.Build.0 = Release|Any CPU
		{96818C57-6AA7-49C3-8CC6-C51A79AB5381}.Release|x64.ActiveCfg = Release|Any CPU
		{96818C57-6AA7-49C3-8CC6-C51A79AB5381}.Release|x64.Build.0 = Release|Any CPU
		{96818C57-6AA7-49C3-8CC6-C51A79AB5381}.Release|x86.ActiveCfg = Release|Any CPU
		{96818C57-6AA7-49C3-8CC6-C51A79AB5381}.Release|x86.Build.0 = Release|Any CPU
	EndGlobalSection
	GlobalSection(SolutionProperties) = preSolution
		HideSolutionNode = FALSE
	EndGlobalSection
	GlobalSection(NestedProjects) = preSolution
		{ADE0F170-7D36-4E75-B2C7-BCCC775A42BA} = {12F62652-CBFE-46D1-9C85-5174F389E742}
		{6279C845-92F8-4333-AB99-3D213163593C} = {14B1C6F5-FABE-4265-B8D1-E33D03440521}
		{B569975F-B440-4457-9D2A-0E97D6D7B8F8} = {14B1C6F5-FABE-4265-B8D1-E33D03440521}
		{093A3A95-BA19-467C-9396-F4173BA9F2B0} = {14B1C6F5-FABE-4265-B8D1-E33D03440521}
		{78154C60-2E7A-4CC8-9512-99A85F71EE23} = {14B1C6F5-FABE-4265-B8D1-E33D03440521}
		{D8D5E5BF-D7F6-4554-97A5-3D883127FAAC} = {14B1C6F5-FABE-4265-B8D1-E33D03440521}
		{3CCBF2D1-21B1-4982-95B7-81419A229D44} = {14B1C6F5-FABE-4265-B8D1-E33D03440521}
		{10EDEA25-620D-428A-A26B-4B1C3B9B390D} = {14B1C6F5-FABE-4265-B8D1-E33D03440521}
		{213CEB84-C7DD-4C3A-9E80-006F8FA25D47} = {14B1C6F5-FABE-4265-B8D1-E33D03440521}
		{96818C57-6AA7-49C3-8CC6-C51A79AB5381} = {14B1C6F5-FABE-4265-B8D1-E33D03440521}
	EndGlobalSection
	GlobalSection(ExtensibilityGlobals) = postSolution
		SolutionGuid = {88FA0373-4A00-4193-83F0-448D1EC40AC3}
	EndGlobalSection
EndGlobal
